
Microsoft Visual Studio Solution File, Format Version 12.00
# Visual Studio Version 16
VisualStudioVersion = 16.0.29519.181
MinimumVisualStudioVersion = 10.0.40219.1
Project("{FAE04EC0-301F-11D3-BF4B-00C04F79EFBC}") = "EFWorkForce", "EFWorkForce\EFWorkForce.csproj", "{EB73008C-FA15-48C5-95AB-705DB7176F1B}"
EndProject
Global
	GlobalSection(SolutionConfigurationPlatforms) = preSolution
		Debug|Any CPU = Debug|Any CPU
		Release|Any CPU = Release|Any CPU
	EndGlobalSection
	GlobalSection(ProjectConfigurationPlatforms) = postSolution
		{EB73008C-FA15-48C5-95AB-705DB7176F1B}.Debug|Any CPU.ActiveCfg = Debug|Any CPU
		{EB73008C-FA15-48C5-95AB-705DB7176F1B}.Debug|Any CPU.Build.0 = Debug|Any CPU
		{EB73008C-FA15-48C5-95AB-705DB7176F1B}.Release|Any CPU.ActiveCfg = Release|Any CPU
		{EB73008C-FA15-48C5-95AB-705DB7176F1B}.Release|Any CPU.Build.0 = Release|Any CPU
	EndGlobalSection
	GlobalSection(SolutionProperties) = preSolution
		HideSolutionNode = FALSE
	EndGlobalSection
	GlobalSection(ExtensibilityGlobals) = postSolution
		SolutionGuid = {14C7010B-891B-4E01-8D44-EA81CB0DDA23}
	EndGlobalSection
EndGlobal
